<?xml version="1.0" encoding="utf-8"?>
<Project ToolsVersion="4.0" xmlns="http://schemas.microsoft.com/developer/msbuild/2003">
  <ItemGroup>
    <Filter Include="Source Files">
      <UniqueIdentifier>{4FC737F1-C7A5-4376-A066-2A32D752A2FF}</UniqueIdentifier>
      <Extensions>cpp;c;cc;cxx;c++;cppm;ixx;def;odl;idl;hpj;bat;asm;asmx</Extensions>
    </Filter>
    <Filter Include="Header Files">
      <UniqueIdentifier>{93995380-89BD-4b04-88EB-625FBE52EBFB}</UniqueIdentifier>
      <Extensions>h;hh;hpp;hxx;h++;hm;inl;inc;ipp;xsd</Extensions>
    </Filter>
    <Filter Include="Source Files\Core">
      <UniqueIdentifier>{A9C42B0D-2D96-4D23-9AFE-748C5BE38D5D}</UniqueIdentifier>
    </Filter>
    <Filter Include="Source Files\RHI">
      <UniqueIdentifier>{4E8E7391-A81F-4672-8D69-7152A9D31891}</UniqueIdentifier>
    </Filter>
    <Filter Include="Source Files\Render">
      <UniqueIdentifier>{D7C0BF87-8DBD-4E03-B2B4-6DBAC1405F3F}</UniqueIdentifier>
    </Filter>
    <Filter Include="Source Files\Scene">
      <UniqueIdentifier>{7E36DB02-4582-4F47-B31D-6016C0647E83}</UniqueIdentifier>
    </Filter>
    <Filter Include="Header Files\Core">
      <UniqueIdentifier>{4E2D4E49-F7A9-43E2-A94C-109AC55B146F}</UniqueIdentifier>
    </Filter>
    <Filter Include="Header Files\RHI">
      <UniqueIdentifier>{69DD87F7-2B12-4C14-A03F-12678E1923B0}</UniqueIdentifier>
    </Filter>
    <Filter Include="Header Files\Render">
      <UniqueIdentifier>{E3D4012E-3CD0-4FFC-8CBA-5EB2002B2D8F}</UniqueIdentifier>
    </Filter>
    <Filter Include="Header Files\Scene">
      <UniqueIdentifier>{FB4482EE-D16D-4056-9BF0-CB495EC0B1D6}</UniqueIdentifier>
    </Filter>
    <Filter Include="Header Files\Math">
      <UniqueIdentifier>{E9A80031-0BCB-4C13-903E-0736CF42DF0D}</UniqueIdentifier>
    </Filter>
    <Filter Include="Source Files\ThirdParty">
      <UniqueIdentifier>{b364e1e7-c9ba-4e77-b0cf-f0e46d7fe6e9}</UniqueIdentifier>
    </Filter>
    <Filter Include="Source Files\ThirdParty\imgui">
      <UniqueIdentifier>{5d47012b-c5fc-4742-bf05-7e039cd034e6}</UniqueIdentifier>
    </Filter>
    <Filter Include="Shaders">
      <UniqueIdentifier>{679FC732-2C38-4DA1-BE90-4C0E19B9B0BA}</UniqueIdentifier>
    </Filter>
    <Filter Include="Assets">
      <UniqueIdentifier>{0E6DA4B1-EB6C-4F9A-9E95-3B9B68CDAE46}</UniqueIdentifier>
    </Filter>
    <Filter Include="Source Files\ThirdParty\ddspp">
      <UniqueIdentifier>{f4a591e7-002b-4386-b419-8e35be6c8c19}</UniqueIdentifier>
    </Filter>
  </ItemGroup>
  <ItemGroup>
    <ClCompile Include="Source\Main.cpp">
      <Filter>Source Files</Filter>
    </ClCompile>
    <ClCompile Include="Source\Core\Application.cpp">
      <Filter>Source Files\Core</Filter>
    </ClCompile>
    <ClCompile Include="Source\Core\Logger.cpp">
      <Filter>Source Files\Core</Filter>
    </ClCompile>
    <ClCompile Include="Source\Core\TaskSystem.cpp">
      <Filter>Source Files\Core</Filter>
    </ClCompile>
    <ClCompile Include="Source\Core\Window.cpp">
      <Filter>Source Files\Core</Filter>
    </ClCompile>
    <ClCompile Include="Source\Core\RendererConfig.cpp">
      <Filter>Source Files\Core</Filter>
    </ClCompile>
    <ClCompile Include="Source\RHI\DX12CommandContext.cpp">
      <Filter>Source Files\RHI</Filter>
    </ClCompile>
    <ClCompile Include="Source\RHI\DX12CommandQueue.cpp">
      <Filter>Source Files\RHI</Filter>
    </ClCompile>
    <ClCompile Include="Source\RHI\DX12DescriptorHeap.cpp">
      <Filter>Source Files\RHI</Filter>
    </ClCompile>
    <ClCompile Include="Source\RHI\DX12Device.cpp">
      <Filter>Source Files\RHI</Filter>
    </ClCompile>
    <ClCompile Include="Source\RHI\DX12Fence.cpp">
      <Filter>Source Files\RHI</Filter>
    </ClCompile>
    <ClCompile Include="Source\RHI\DX12Resource.cpp">
      <Filter>Source Files\RHI</Filter>
    </ClCompile>
    <ClCompile Include="Source\RHI\DX12SwapChain.cpp">
      <Filter>Source Files\RHI</Filter>
    </ClCompile>
    <ClCompile Include="Source\Render\DeferredRenderer.cpp">
      <Filter>Source Files\Render</Filter>
    </ClCompile>
    <ClCompile Include="Source\Render\DebugPrintFont.cpp">
      <Filter>Source Files\Render</Filter>
    </ClCompile>
    <ClCompile Include="Source\Render\Renderer.cpp">
      <Filter>Source Files\Render</Filter>
    </ClCompile>
    <ClCompile Include="Source\Render\RendererUtils.cpp">
      <Filter>Source Files\Render</Filter>
    </ClCompile>
    <ClCompile Include="Source\Render\TextureLoader.cpp">
      <Filter>Source Files\Render</Filter>
    </ClCompile>
    <ClCompile Include="Source\Render\ForwardRenderer.cpp">
      <Filter>Source Files\Render</Filter>
    </ClCompile>
    <ClCompile Include="Source\Render\RenderGraph.cpp">
      <Filter>Source Files\Render</Filter>
    </ClCompile>
    <ClCompile Include="Source\Render\RenderPass.cpp">
      <Filter>Source Files\Render</Filter>
    </ClCompile>
    <ClCompile Include="Source\Render\ShaderCompiler.cpp">
      <Filter>Source Files\Render</Filter>
    </ClCompile>
    <ClCompile Include="Source\Scene\Camera.cpp">
      <Filter>Source Files\Scene</Filter>
    </ClCompile>
    <ClCompile Include="Source\Scene\GltfLoader.cpp">
      <Filter>Source Files\Scene</Filter>
    </ClCompile>
    <ClCompile Include="Source\Scene\SceneJsonLoader.cpp">
      <Filter>Source Files\Scene</Filter>
    </ClCompile>
    <ClCompile Include="Source\Scene\Material.cpp">
      <Filter>Source Files\Scene</Filter>
    </ClCompile>
    <ClCompile Include="Source\Scene\Mesh.cpp">
      <Filter>Source Files\Scene</Filter>
    </ClCompile>
    <ClCompile Include="Source\Scene\Transform.cpp">
      <Filter>Source Files\Scene</Filter>
    </ClCompile>
    <ClCompile Include="Source\Core\EngineTime.cpp">
      <Filter>Source Files\Core</Filter>
    </ClCompile>
    <ClCompile Include="ThirdParty\imgui\imgui.cpp">
      <Filter>Source Files\ThirdParty\imgui</Filter>
    </ClCompile>
    <ClCompile Include="ThirdParty\imgui\imgui_demo.cpp">
      <Filter>Source Files\ThirdParty\imgui</Filter>
    </ClCompile>
    <ClCompile Include="ThirdParty\imgui\imgui_draw.cpp">
      <Filter>Source Files\ThirdParty\imgui</Filter>
    </ClCompile>
    <ClCompile Include="ThirdParty\imgui\backends\imgui_impl_dx12.cpp">
      <Filter>Source Files\ThirdParty\imgui</Filter>
    </ClCompile>
    <ClCompile Include="ThirdParty\imgui\backends\imgui_impl_win32.cpp">
      <Filter>Source Files\ThirdParty\imgui</Filter>
    </ClCompile>
    <ClCompile Include="ThirdParty\imgui\imgui_tables.cpp">
      <Filter>Source Files\ThirdParty\imgui</Filter>
    </ClCompile>
    <ClCompile Include="ThirdParty\imgui\imgui_widgets.cpp">
      <Filter>Source Files\ThirdParty\imgui</Filter>
    </ClCompile>
  </ItemGroup>
  <ItemGroup>
    <ClInclude Include="Source\Core\Application.h">
      <Filter>Header Files\Core</Filter>
    </ClInclude>
    <ClInclude Include="Source\Core\ImGuiSupport.h">
      <Filter>Header Files\Core</Filter>
    </ClInclude>
    <ClInclude Include="Source\Core\Logger.h">
      <Filter>Header Files\Core</Filter>
    </ClInclude>
    <ClInclude Include="Source\Core\TaskSystem.h">
      <Filter>Header Files\Core</Filter>
    </ClInclude>
    <ClInclude Include="Source\Core\RendererConfig.h">
      <Filter>Header Files\Core</Filter>
    </ClInclude>
    <ClInclude Include="Source\Core\Window.h">
      <Filter>Header Files\Core</Filter>
    </ClInclude>
    <ClInclude Include="Source\RHI\DX12CommandContext.h">
      <Filter>Header Files\RHI</Filter>
    </ClInclude>
    <ClInclude Include="Source\RHI\DX12CommandQueue.h">
      <Filter>Header Files\RHI</Filter>
    </ClInclude>
    <ClInclude Include="Source\RHI\DX12Commons.h">
      <Filter>Header Files\RHI</Filter>
    </ClInclude>
    <ClInclude Include="Source\RHI\DX12DescriptorHeap.h">
      <Filter>Header Files\RHI</Filter>
    </ClInclude>
    <ClInclude Include="Source\RHI\DX12Device.h">
      <Filter>Header Files\RHI</Filter>
    </ClInclude>
    <ClInclude Include="Source\RHI\DX12Fence.h">
      <Filter>Header Files\RHI</Filter>
    </ClInclude>
    <ClInclude Include="Source\RHI\DX12Resource.h">
      <Filter>Header Files\RHI</Filter>
    </ClInclude>
    <ClInclude Include="Source\RHI\DX12SwapChain.h">
      <Filter>Header Files\RHI</Filter>
    </ClInclude>
    <ClInclude Include="Source\Render\DeferredRenderer.h">
      <Filter>Header Files\Render</Filter>
    </ClInclude>
    <ClInclude Include="Source\Render\DebugPrintFont.h">
      <Filter>Header Files\Render</Filter>
    </ClInclude>
    <ClInclude Include="Source\Render\RendererUtils.h">
      <Filter>Header Files\Render</Filter>
    </ClInclude>
    <ClInclude Include="Source\Render\TextureLoader.h">
      <Filter>Header Files\Render</Filter>
    </ClInclude>
    <ClInclude Include="Source\Render\Renderer.h">
      <Filter>Header Files\Render</Filter>
    </ClInclude>
    <ClInclude Include="Source\Render\ForwardRenderer.h">
      <Filter>Header Files\Render</Filter>
    </ClInclude>
    <ClInclude Include="Source\Render\RenderGraph.h">
      <Filter>Header Files\Render</Filter>
    </ClInclude>
    <ClInclude Include="Source\Render\RenderPass.h">
      <Filter>Header Files\Render</Filter>
    </ClInclude>
    <ClInclude Include="Source\Render\ShaderCompiler.h">
      <Filter>Header Files\Render</Filter>
    </ClInclude>
    <ClInclude Include="Source\Scene\Camera.h">
      <Filter>Header Files\Scene</Filter>
    </ClInclude>
    <ClInclude Include="Source\Scene\GltfLoader.h">
      <Filter>Header Files\Scene</Filter>
    </ClInclude>
    <ClInclude Include="Source\Scene\SceneJsonLoader.h">
      <Filter>Header Files\Scene</Filter>
    </ClInclude>
    <ClInclude Include="Source\Scene\Material.h">
      <Filter>Header Files\Scene</Filter>
    </ClInclude>
    <ClInclude Include="Source\Scene\Mesh.h">
      <Filter>Header Files\Scene</Filter>
    </ClInclude>
    <ClInclude Include="Source\Scene\Transform.h">
      <Filter>Header Files\Scene</Filter>
    </ClInclude>
    <ClInclude Include="Source\Math\MathTypes.h">
      <Filter>Header Files\Math</Filter>
    </ClInclude>
    <ClInclude Include="Source\Core\EngineTime.h">
      <Filter>Header Files\Core</Filter>
    </ClInclude>
    <ClInclude Include="ThirdParty\imgui\imconfig.h">
      <Filter>Source Files\ThirdParty\imgui</Filter>
    </ClInclude>
    <ClInclude Include="ThirdParty\imgui\imgui.h">
      <Filter>Source Files\ThirdParty\imgui</Filter>
    </ClInclude>
    <ClInclude Include="ThirdParty\imgui\backends\imgui_impl_dx12.h">
      <Filter>Source Files\ThirdParty\imgui</Filter>
    </ClInclude>
    <ClInclude Include="ThirdParty\imgui\backends\imgui_impl_win32.h">
      <Filter>Source Files\ThirdParty\imgui</Filter>
    </ClInclude>
    <ClInclude Include="ThirdParty\imgui\imgui_internal.h">
      <Filter>Source Files\ThirdParty\imgui</Filter>
    </ClInclude>
    <ClInclude Include="ThirdParty\imgui\imstb_rectpack.h">
      <Filter>Source Files\ThirdParty\imgui</Filter>
    </ClInclude>
    <ClInclude Include="ThirdParty\imgui\imstb_textedit.h">
      <Filter>Source Files\ThirdParty\imgui</Filter>
    </ClInclude>
    <ClInclude Include="ThirdParty\imgui\imstb_truetype.h">
      <Filter>Source Files\ThirdParty\imgui</Filter>
    </ClInclude>
    <ClInclude Include="ThirdParty\ddspp\ddspp.h">
      <Filter>Source Files\ThirdParty\ddspp</Filter>
    </ClInclude>
    <ClInclude Include="Source\Core\GpuDebugMarkers.h">
      <Filter>Header Files\Core</Filter>
    </ClInclude>
  </ItemGroup>
  <ItemGroup>
    <None Include="Shaders\DeferredBasePass.hlsl">
      <Filter>Shaders</Filter>
    </None>
    <None Include="Shaders\DeferredLighting.hlsl">
      <Filter>Shaders</Filter>
    </None>
    <None Include="Shaders\ForwardPS.hlsl">
      <Filter>Shaders</Filter>
    </None>
    <None Include="Shaders\ForwardVS.hlsl">
      <Filter>Shaders</Filter>
    </None>
    <None Include="Shaders\FullscreenTriangle.hlsl">
      <Filter>Shaders</Filter>
    </None>
    <None Include="Shaders\ObjectId.hlsl">
      <Filter>Shaders</Filter>
    </None>
    <None Include="packages.config" />
    <None Include="Shaders\PBRCommon.hlsl">
      <Filter>Shaders</Filter>
    </None>
    <None Include="bin\RendererConfig.ini">
      <Filter>Assets</Filter>
    </None>
    <None Include="Shaders\ShadowMap.hlsl">
      <Filter>Shaders</Filter>
    </None>
    <None Include="Shaders\Tonemap.hlsl">
      <Filter>Shaders</Filter>
    </None>
    <None Include="Shaders\TemporalAA.hlsl">
      <Filter>Shaders</Filter>
    </None>
    <None Include="Shaders\BuildHZB.hlsl">
      <Filter>Shaders</Filter>
    </None>
    <None Include="Shaders\SkyAtmosphere.hlsl">
      <Filter>Shaders</Filter>
    </None>
    <None Include="ThirdParty\ddspp\LICENSE">
      <Filter>Source Files\ThirdParty\ddspp</Filter>
    </None>
    <None Include="Shaders\SceneConstants.hlsl">
      <Filter>Shaders</Filter>
    </None>
    <None Include="Shaders\CullIndirectArgs.hlsl">
      <Filter>Shaders</Filter>
    </None>
    <None Include="Shaders\DebugPrintCommon.hlsl">
      <Filter>Shaders</Filter>
    </None>
    <None Include="Shaders\GpuDebugPrint.hlsl">
      <Filter>Shaders</Filter>
    </None>
    <None Include="Shaders\GpuDebugPrintStats.hlsl">
      <Filter>Shaders</Filter>
    </None>
    <None Include="Assets\Scenes\sponza.json">
      <Filter>Assets</Filter>
    </None>
    <None Include="Shaders\AutoExposure.hlsl">
      <Filter>Shaders</Filter>
    </None>
    <None Include="Assets\Scenes\pica_pica.json">
      <Filter>Assets</Filter>
    </None>
    <None Include="Shaders\Cas.hlsl">
      <Filter>Shaders</Filter>
    </None>
  </ItemGroup>
</Project>